
Microsoft Visual Studio Solution File, Format Version 10.00
# Visual Studio 2008
Project("{FAE04EC0-301F-11D3-BF4B-00C04F79EFBC}") = "Abhidhan", "Abhidhan\Abhidhan.csproj", "{2C56DB04-1DCA-42E7-BA48-F7FD0AA717D7}"
EndProject
Project("{54435603-DBB4-11D2-8724-00A0C9A8B90C}") = "Abhidhan Setup", "Abhidhan Setup\Abhidhan Setup.vdproj", "{BDB404F4-9F2C-49B2-B5CE-4D31BD7D38A6}"
EndProject
Global
	GlobalSection(SolutionConfigurationPlatforms) = preSolution
		Debug|Any CPU = Debug|Any CPU
		Debug|x86 = Debug|x86
		Release|Any CPU = Release|Any CPU
		Release|x86 = Release|x86
	EndGlobalSection
	GlobalSection(ProjectConfigurationPlatforms) = postSolution
		{2C56DB04-1DCA-42E7-BA48-F7FD0AA717D7}.Debug|Any CPU.ActiveCfg = Debug|Any CPU
		{2C56DB04-1DCA-42E7-BA48-F7FD0AA717D7}.Debug|Any CPU.Build.0 = Debug|Any CPU
		{2C56DB04-1DCA-42E7-BA48-F7FD0AA717D7}.Debug|x86.ActiveCfg = Debug|x86
		{2C56DB04-1DCA-42E7-BA48-F7FD0AA717D7}.Debug|x86.Build.0 = Debug|x86
		{2C56DB04-1DCA-42E7-BA48-F7FD0AA717D7}.Release|Any CPU.ActiveCfg = Release|Any CPU
		{2C56DB04-1DCA-42E7-BA48-F7FD0AA717D7}.Release|Any CPU.Build.0 = Release|Any CPU
		{2C56DB04-1DCA-42E7-BA48-F7FD0AA717D7}.Release|x86.ActiveCfg = Release|x86
		{2C56DB04-1DCA-42E7-BA48-F7FD0AA717D7}.Release|x86.Build.0 = Release|x86
		{BDB404F4-9F2C-49B2-B5CE-4D31BD7D38A6}.Debug|Any CPU.ActiveCfg = Debug
		{BDB404F4-9F2C-49B2-B5CE-4D31BD7D38A6}.Debug|x86.ActiveCfg = Debug
		{BDB404F4-9F2C-49B2-B5CE-4D31BD7D38A6}.Release|Any CPU.ActiveCfg = Release
		{BDB404F4-9F2C-49B2-B5CE-4D31BD7D38A6}.Release|x86.ActiveCfg = Release
	EndGlobalSection
	GlobalSection(SolutionProperties) = preSolution
		HideSolutionNode = FALSE
	EndGlobalSection
EndGlobal
